
Microsoft Visual Studio Solution File, Format Version 12.00
# Visual Studio Version 16
VisualStudioVersion = 16.0.31129.286
MinimumVisualStudioVersion = 10.0.40219.1
Project("{FAE04EC0-301F-11D3-BF4B-00C04F79EFBC}") = "EcommerceAPI", "EcommerceAPI\EcommerceAPI.csproj", "{42B40B17-48A5-47F4-8C77-75782239965D}"
EndProject
Global
	GlobalSection(SolutionConfigurationPlatforms) = preSolution
		Debug|Any CPU = Debug|Any CPU
		Release|Any CPU = Release|Any CPU
	EndGlobalSection
	GlobalSection(ProjectConfigurationPlatforms) = postSolution
		{42B40B17-48A5-47F4-8C77-75782239965D}.Debug|Any CPU.ActiveCfg = Debug|Any CPU
		{42B40B17-48A5-47F4-8C77-75782239965D}.Debug|Any CPU.Build.0 = Debug|Any CPU
		{42B40B17-48A5-47F4-8C77-75782239965D}.Release|Any CPU.ActiveCfg = Release|Any CPU
		{42B40B17-48A5-47F4-8C77-75782239965D}.Release|Any CPU.Build.0 = Release|Any CPU
	EndGlobalSection
	GlobalSection(SolutionProperties) = preSolution
		HideSolutionNode = FALSE
	EndGlobalSection
	GlobalSection(ExtensibilityGlobals) = postSolution
		SolutionGuid = {A072D698-538A-45E3-B317-CAFED7A0D71B}
	EndGlobalSection
EndGlobal
